
Microsoft Visual Studio Solution File, Format Version 12.00
# Visual Studio 15
VisualStudioVersion = 15.0.28307.168
MinimumVisualStudioVersion = 10.0.40219.1
Project("{FAE04EC0-301F-11D3-BF4B-00C04F79EFBC}") = "LinksAggregator", "LinksAggregator\LinksAggregator.csproj", "{7F10B3A5-3231-4A70-9CBB-8B2AE1B90B0A}"
EndProject
Global
	GlobalSection(SolutionConfigurationPlatforms) = preSolution
		Debug|Any CPU = Debug|Any CPU
		Release|Any CPU = Release|Any CPU
	EndGlobalSection
	GlobalSection(ProjectConfigurationPlatforms) = postSolution
		{7F10B3A5-3231-4A70-9CBB-8B2AE1B90B0A}.Debug|Any CPU.ActiveCfg = Debug|Any CPU
		{7F10B3A5-3231-4A70-9CBB-8B2AE1B90B0A}.Debug|Any CPU.Build.0 = Debug|Any CPU
		{7F10B3A5-3231-4A70-9CBB-8B2AE1B90B0A}.Release|Any CPU.ActiveCfg = Release|Any CPU
		{7F10B3A5-3231-4A70-9CBB-8B2AE1B90B0A}.Release|Any CPU.Build.0 = Release|Any CPU
	EndGlobalSection
	GlobalSection(SolutionProperties) = preSolution
		HideSolutionNode = FALSE
	EndGlobalSection
	GlobalSection(ExtensibilityGlobals) = postSolution
		SolutionGuid = {5B1D7DE2-28D9-42EF-89D0-17DE49CFDC79}
	EndGlobalSection
EndGlobal
